// !$*UTF8*$!
{
	archiveVersion = 1;
	classes = {
	};
	objectVersion = 56;
	objects = {

/* Begin PBXBuildFile section */
		30DA3C59B1C7459D8BA15755 /* AudioPlaybackService.swift in Sources */ = {isa = PBXBuildFile; fileRef = 2CF4E0660AFA444A918CEE5C /* AudioPlaybackService.swift */; };
		356757B6928FBA7FED745ADE /* SpellFlare Watch App.app in Embed Watch Content */ = {isa = PBXBuildFile; fileRef = ACF6BE9604A3218453139B52 /* SpellFlare Watch App.app */; };
		38802E6A4C17E612CC55E310 /* SyncableProfile.swift in Sources */ = {isa = PBXBuildFile; fileRef = 53B2CF012EFD0001009167B7 /* SyncableProfile.swift */; };
		3BBC6EFA5D0985CB070F9C4D /* WatchAppState.swift in Sources */ = {isa = PBXBuildFile; fileRef = 18E0DDBC878982CB9DB96959 /* WatchAppState.swift */; };
		4582A056AC992458F92E1A37 /* Pods_spelling_bee_iOS_App.framework in Frameworks */ = {isa = PBXBuildFile; fileRef = A76E914314266D7F94B9E0EB /* Pods_spelling_bee_iOS_App.framework */; };
		4E9076E94B986757FBAC52AE /* WatchAudioService.swift in Sources */ = {isa = PBXBuildFile; fileRef = 0A4FB345F0C6EC1CA233AE06 /* WatchAudioService.swift */; };
		51D38BC2B724CF8A31C5707C /* UserProfile.swift in Sources */ = {isa = PBXBuildFile; fileRef = 53B2CC122EFA6002009167B7 /* UserProfile.swift */; };
		53B2CC012EFA6000009167B7 /* spelling_bee_iOS_App.swift in Sources */ = {isa = PBXBuildFile; fileRef = 53B2CC102EFA6000009167B7 /* spelling_bee_iOS_App.swift */; };
		53B2CC022EFA6001009167B7 /* ContentView.swift in Sources */ = {isa = PBXBuildFile; fileRef = 53B2CC112EFA6001009167B7 /* ContentView.swift */; };
		53B2CC032EFA6002009167B7 /* UserProfile.swift in Sources */ = {isa = PBXBuildFile; fileRef = 53B2CC122EFA6002009167B7 /* UserProfile.swift */; };
		53B2CC042EFA6003009167B7 /* Word.swift in Sources */ = {isa = PBXBuildFile; fileRef = 53B2CC132EFA6003009167B7 /* Word.swift */; };
		53B2CC042EFA6003009167B8 /* WordSentence.swift in Sources */ = {isa = PBXBuildFile; fileRef = 53B2CC132EFA6003009167B8 /* WordSentence.swift */; };
		53B2CC052EFA6004009167B7 /* SpeechService.swift in Sources */ = {isa = PBXBuildFile; fileRef = 53B2CC142EFA6004009167B7 /* SpeechService.swift */; };
		53B2CC062EFA6005009167B7 /* WordBankService.swift in Sources */ = {isa = PBXBuildFile; fileRef = 53B2CC152EFA6005009167B7 /* WordBankService.swift */; };
		53B2CC072EFA6006009167B7 /* PersistenceService.swift in Sources */ = {isa = PBXBuildFile; fileRef = 53B2CC162EFA6006009167B7 /* PersistenceService.swift */; };
		53B2CC082EFA6007009167B7 /* AppState.swift in Sources */ = {isa = PBXBuildFile; fileRef = 53B2CC172EFA6007009167B7 /* AppState.swift */; };
		53B2CC092EFA6008009167B7 /* GameViewModel.swift in Sources */ = {isa = PBXBuildFile; fileRef = 53B2CC182EFA6008009167B7 /* GameViewModel.swift */; };
		53B2CC0A2EFA6009009167B7 /* OnboardingView.swift in Sources */ = {isa = PBXBuildFile; fileRef = 53B2CC192EFA6009009167B7 /* OnboardingView.swift */; };
		53B2CC0B2EFA600A009167B7 /* HomeView.swift in Sources */ = {isa = PBXBuildFile; fileRef = 53B2CC1A2EFA600A009167B7 /* HomeView.swift */; };
		53B2CC0C2EFA600B009167B7 /* SettingsView.swift in Sources */ = {isa = PBXBuildFile; fileRef = 53B2CC1B2EFA600B009167B7 /* SettingsView.swift */; };
		53B2CC0D2EFA600C009167B7 /* GameView.swift in Sources */ = {isa = PBXBuildFile; fileRef = 53B2CC1C2EFA600C009167B7 /* GameView.swift */; };
		53B2CC0E2EFA600D009167B7 /* FeedbackView.swift in Sources */ = {isa = PBXBuildFile; fileRef = 53B2CC1D2EFA600D009167B7 /* FeedbackView.swift */; };
		53B2CC0F2EFA600E009167B7 /* LevelCompleteView.swift in Sources */ = {isa = PBXBuildFile; fileRef = 53B2CC1E2EFA600E009167B7 /* LevelCompleteView.swift */; };
		53B2CC602EFA7000009167B7 /* Assets.xcassets in Resources */ = {isa = PBXBuildFile; fileRef = 53B2CC612EFA7001009167B7 /* Assets.xcassets */; };
		53B2CD012EFB0001009167B7 /* StoreManager.swift in Sources */ = {isa = PBXBuildFile; fileRef = 53B2CD002EFB0001009167B7 /* StoreManager.swift */; };
		53B2CD032EFB0002009167B7 /* AdManager.swift in Sources */ = {isa = PBXBuildFile; fileRef = 53B2CD022EFB0002009167B7 /* AdManager.swift */; };
		53B2CD052EFB0003009167B7 /* ParentGateView.swift in Sources */ = {isa = PBXBuildFile; fileRef = 53B2CD042EFB0003009167B7 /* ParentGateView.swift */; };
		53B2CE072EFC0007009167B7 /* spelling_bee_iOS_AppTests.swift in Sources */ = {isa = PBXBuildFile; fileRef = 53B2CE062EFC0006009167B7 /* spelling_bee_iOS_AppTests.swift */; };
		53B2CE182EFC0018009167B7 /* spelling_bee_iOS_AppUITests.swift in Sources */ = {isa = PBXBuildFile; fileRef = 53B2CE162EFC0016009167B7 /* spelling_bee_iOS_AppUITests.swift */; };
		53B2CE192EFC0019009167B7 /* spelling_bee_iOS_AppUITestsLaunchTests.swift in Sources */ = {isa = PBXBuildFile; fileRef = 53B2CE172EFC0017009167B7 /* spelling_bee_iOS_AppUITestsLaunchTests.swift */; };
		53B2CF112EFD0011009167B7 /* SyncableProfile.swift in Sources */ = {isa = PBXBuildFile; fileRef = 53B2CF012EFD0001009167B7 /* SyncableProfile.swift */; };
		53B2CF122EFD0012009167B7 /* SyncServiceProtocol.swift in Sources */ = {isa = PBXBuildFile; fileRef = 53B2CF022EFD0002009167B7 /* SyncServiceProtocol.swift */; };
		53B2CF132EFD0013009167B7 /* LocalCacheService.swift in Sources */ = {isa = PBXBuildFile; fileRef = 53B2CF032EFD0003009167B7 /* LocalCacheService.swift */; };
		53B2CF152EFD0015009167B7 /* SyncCoordinator.swift in Sources */ = {isa = PBXBuildFile; fileRef = 53B2CF052EFD0005009167B7 /* SyncCoordinator.swift */; };
		53B2CF272EFD0027009167B7 /* PhoneSyncHelper.swift in Sources */ = {isa = PBXBuildFile; fileRef = 53B2CF072EFD0007009167B7 /* PhoneSyncHelper.swift */; };
		53BA2AFB3990417344B3D735 /* WatchWordBankService.swift in Sources */ = {isa = PBXBuildFile; fileRef = 2E1AAD1AED6AD2DAD296A88B /* WatchWordBankService.swift */; };
		581C297148A514F5A93C5F3D /* WatchHomeView.swift in Sources */ = {isa = PBXBuildFile; fileRef = D278C0DEE0547EE5CAE5ABFD /* WatchHomeView.swift */; };
		93668A426FBBF0D8BE68B09C /* WatchLevelCompleteView.swift in Sources */ = {isa = PBXBuildFile; fileRef = 30CEA0D30E0BADC4FC4EA8FB /* WatchLevelCompleteView.swift */; };
		A64A911AF36D048A7723B3C9 /* WatchSpeechService.swift in Sources */ = {isa = PBXBuildFile; fileRef = 453B059DC2F6A8D40BC0D069 /* WatchSpeechService.swift */; };
		AA94098439FC05E72D988ECA /* WatchGameView.swift in Sources */ = {isa = PBXBuildFile; fileRef = 5738560D4D15E3890863E1C3 /* WatchGameView.swift */; };
		AE98083BDD798CDB67DD227B /* WatchSyncHelper.swift in Sources */ = {isa = PBXBuildFile; fileRef = 3A48959F168D4811792C017D /* WatchSyncHelper.swift */; };
		B66F95FC3EAC45E1BFA1E7E4 /* Resources/Audio in Resources */ = {isa = PBXBuildFile; fileRef = CF32531B97AF4BADAD29C8A7 /* Resources/Audio */; };
		B837E42A87BCC93824D7142E /* LocalCacheService.swift in Sources */ = {isa = PBXBuildFile; fileRef = 53B2CF032EFD0003009167B7 /* LocalCacheService.swift */; };
		C3C2B184F2E8649E08D57024 /* Audio in Resources */ = {isa = PBXBuildFile; fileRef = 9670037D8EBFE05D21B88B8B /* Audio */; };
		D46598A37DF16AC815B4F68B /* WatchGameViewModel.swift in Sources */ = {isa = PBXBuildFile; fileRef = DF7076FE5E396EB00641C227 /* WatchGameViewModel.swift */; };
		DA799CAD5B44CCE5A4B3B60F /* SpellFlareWatchApp.swift in Sources */ = {isa = PBXBuildFile; fileRef = F6593BCA60835766DBD4EC26 /* SpellFlareWatchApp.swift */; };
		EC8324B6305A824D393668EB /* ContentView.swift in Sources */ = {isa = PBXBuildFile; fileRef = 78F4E6D0DCCAA8B777FC1C38 /* ContentView.swift */; };
		F889CB2D68BA5D80DE4E5D7D /* Word.swift in Sources */ = {isa = PBXBuildFile; fileRef = 53B2CC132EFA6003009167B7 /* Word.swift */; };
		FE17E75ED6D35FA67ADAA139 /* Assets.xcassets in Resources */ = {isa = PBXBuildFile; fileRef = 30D04AC668556D4186EA9F87 /* Assets.xcassets */; };
/* End PBXBuildFile section */

/* Begin PBXContainerItemProxy section */
		53B2CE082EFC0008009167B7 /* PBXContainerItemProxy */ = {
			isa = PBXContainerItemProxy;
			containerPortal = 53B2CB442EFA4E16009167B7 /* Project object */;
			proxyType = 1;
			remoteGlobalIDString = 53B2CC402EFA6030009167B7;
			remoteInfo = "spelling-bee iOS App";
		};
		53B2CE1A2EFC001A009167B7 /* PBXContainerItemProxy */ = {
			isa = PBXContainerItemProxy;
			containerPortal = 53B2CB442EFA4E16009167B7 /* Project object */;
			proxyType = 1;
			remoteGlobalIDString = 53B2CC402EFA6030009167B7;
			remoteInfo = "spelling-bee iOS App";
		};
		CD58B161335F000A9290BFCC /* PBXContainerItemProxy */ = {
			isa = PBXContainerItemProxy;
			containerPortal = 53B2CB442EFA4E16009167B7 /* Project object */;
			proxyType = 1;
			remoteGlobalIDString = B490071FEB3008B0CFB9D73D;
			remoteInfo = "SpellFlare Watch App";
		};
/* End PBXContainerItemProxy section */

/* Begin PBXCopyFilesBuildPhase section */
		53B2CB792EFA4E1A009167B7 /* Embed Watch Content */ = {
			isa = PBXCopyFilesBuildPhase;
			buildActionMask = 2147483647;
			dstPath = "$(CONTENTS_FOLDER_PATH)/Watch";
			dstSubfolderSpec = 16;
			files = (
				356757B6928FBA7FED745ADE /* SpellFlare Watch App.app in Embed Watch Content */,
			);
			name = "Embed Watch Content";
			runOnlyForDeploymentPostprocessing = 0;
		};
/* End PBXCopyFilesBuildPhase section */

/* Begin PBXFileReference section */
		039F800645BE08991750D157 /* Info.plist */ = {isa = PBXFileReference; includeInIndex = 1; lastKnownFileType = text.plist.xml; path = Info.plist; sourceTree = "<group>"; };
		040941BA4CC6094C6D148752 /* Pods-spelling-bee iOS App.release.xcconfig */ = {isa = PBXFileReference; includeInIndex = 1; lastKnownFileType = text.xcconfig; name = "Pods-spelling-bee iOS App.release.xcconfig"; path = "Target Support Files/Pods-spelling-bee iOS App/Pods-spelling-bee iOS App.release.xcconfig"; sourceTree = "<group>"; };
		0A4FB345F0C6EC1CA233AE06 /* WatchAudioService.swift */ = {isa = PBXFileReference; includeInIndex = 1; lastKnownFileType = sourcecode.swift; path = WatchAudioService.swift; sourceTree = "<group>"; };
		18E0DDBC878982CB9DB96959 /* WatchAppState.swift */ = {isa = PBXFileReference; includeInIndex = 1; lastKnownFileType = sourcecode.swift; path = WatchAppState.swift; sourceTree = "<group>"; };
		2CF4E0660AFA444A918CEE5C /* AudioPlaybackService.swift */ = {isa = PBXFileReference; lastKnownFileType = sourcecode.swift; path = AudioPlaybackService.swift; sourceTree = "<group>"; };
		2E1AAD1AED6AD2DAD296A88B /* WatchWordBankService.swift */ = {isa = PBXFileReference; includeInIndex = 1; lastKnownFileType = sourcecode.swift; path = WatchWordBankService.swift; sourceTree = "<group>"; };
		30CEA0D30E0BADC4FC4EA8FB /* WatchLevelCompleteView.swift */ = {isa = PBXFileReference; includeInIndex = 1; lastKnownFileType = sourcecode.swift; path = WatchLevelCompleteView.swift; sourceTree = "<group>"; };
		30D04AC668556D4186EA9F87 /* Assets.xcassets */ = {isa = PBXFileReference; includeInIndex = 1; lastKnownFileType = folder.assetcatalog; path = Assets.xcassets; sourceTree = "<group>"; };
		31E61ADECD5FF68699C3AC49 /* Pods-spelling-bee iOS App.debug.xcconfig */ = {isa = PBXFileReference; includeInIndex = 1; lastKnownFileType = text.xcconfig; name = "Pods-spelling-bee iOS App.debug.xcconfig"; path = "Target Support Files/Pods-spelling-bee iOS App/Pods-spelling-bee iOS App.debug.xcconfig"; sourceTree = "<group>"; };
		3A48959F168D4811792C017D /* WatchSyncHelper.swift */ = {isa = PBXFileReference; includeInIndex = 1; lastKnownFileType = sourcecode.swift; path = WatchSyncHelper.swift; sourceTree = "<group>"; };
		453B059DC2F6A8D40BC0D069 /* WatchSpeechService.swift */ = {isa = PBXFileReference; includeInIndex = 1; lastKnownFileType = sourcecode.swift; path = WatchSpeechService.swift; sourceTree = "<group>"; };
		45DF2A1DF38A45780AF203D1 /* Foundation.framework */ = {isa = PBXFileReference; lastKnownFileType = wrapper.framework; name = Foundation.framework; path = Platforms/WatchOS.platform/Developer/SDKs/WatchOS11.0.sdk/System/Library/Frameworks/Foundation.framework; sourceTree = DEVELOPER_DIR; };
		53B2CB4A2EFA4E17009167B7 /* spelling-bee.app */ = {isa = PBXFileReference; explicitFileType = wrapper.application; includeInIndex = 0; path = "spelling-bee.app"; sourceTree = BUILT_PRODUCTS_DIR; };
		53B2CC002EFA6000009167B7 /* spelling-bee iOS App.app */ = {isa = PBXFileReference; explicitFileType = wrapper.application; includeInIndex = 0; path = "spelling-bee iOS App.app"; sourceTree = BUILT_PRODUCTS_DIR; };
		53B2CC102EFA6000009167B7 /* spelling_bee_iOS_App.swift */ = {isa = PBXFileReference; lastKnownFileType = sourcecode.swift; path = spelling_bee_iOS_App.swift; sourceTree = "<group>"; };
		53B2CC112EFA6001009167B7 /* ContentView.swift */ = {isa = PBXFileReference; lastKnownFileType = sourcecode.swift; path = ContentView.swift; sourceTree = "<group>"; };
		53B2CC122EFA6002009167B7 /* UserProfile.swift */ = {isa = PBXFileReference; lastKnownFileType = sourcecode.swift; path = UserProfile.swift; sourceTree = "<group>"; };
		53B2CC132EFA6003009167B7 /* Word.swift */ = {isa = PBXFileReference; lastKnownFileType = sourcecode.swift; path = Word.swift; sourceTree = "<group>"; };
		53B2CC132EFA6003009167B8 /* WordSentence.swift */ = {isa = PBXFileReference; lastKnownFileType = sourcecode.swift; path = WordSentence.swift; sourceTree = "<group>"; };
		53B2CC142EFA6004009167B7 /* SpeechService.swift */ = {isa = PBXFileReference; lastKnownFileType = sourcecode.swift; path = SpeechService.swift; sourceTree = "<group>"; };
		53B2CC152EFA6005009167B7 /* WordBankService.swift */ = {isa = PBXFileReference; lastKnownFileType = sourcecode.swift; path = WordBankService.swift; sourceTree = "<group>"; };
		53B2CC162EFA6006009167B7 /* PersistenceService.swift */ = {isa = PBXFileReference; lastKnownFileType = sourcecode.swift; path = PersistenceService.swift; sourceTree = "<group>"; };
		53B2CC172EFA6007009167B7 /* AppState.swift */ = {isa = PBXFileReference; lastKnownFileType = sourcecode.swift; path = AppState.swift; sourceTree = "<group>"; };
		53B2CC182EFA6008009167B7 /* GameViewModel.swift */ = {isa = PBXFileReference; lastKnownFileType = sourcecode.swift; path = GameViewModel.swift; sourceTree = "<group>"; };
		53B2CC192EFA6009009167B7 /* OnboardingView.swift */ = {isa = PBXFileReference; lastKnownFileType = sourcecode.swift; path = OnboardingView.swift; sourceTree = "<group>"; };
		53B2CC1A2EFA600A009167B7 /* HomeView.swift */ = {isa = PBXFileReference; lastKnownFileType = sourcecode.swift; path = HomeView.swift; sourceTree = "<group>"; };
		53B2CC1B2EFA600B009167B7 /* SettingsView.swift */ = {isa = PBXFileReference; lastKnownFileType = sourcecode.swift; path = SettingsView.swift; sourceTree = "<group>"; };
		53B2CC1C2EFA600C009167B7 /* GameView.swift */ = {isa = PBXFileReference; lastKnownFileType = sourcecode.swift; path = GameView.swift; sourceTree = "<group>"; };
		53B2CC1D2EFA600D009167B7 /* FeedbackView.swift */ = {isa = PBXFileReference; lastKnownFileType = sourcecode.swift; path = FeedbackView.swift; sourceTree = "<group>"; };
		53B2CC1E2EFA600E009167B7 /* LevelCompleteView.swift */ = {isa = PBXFileReference; lastKnownFileType = sourcecode.swift; path = LevelCompleteView.swift; sourceTree = "<group>"; };
		53B2CC612EFA7001009167B7 /* Assets.xcassets */ = {isa = PBXFileReference; lastKnownFileType = folder.assetcatalog; path = Assets.xcassets; sourceTree = "<group>"; };
		53B2CD002EFB0001009167B7 /* StoreManager.swift */ = {isa = PBXFileReference; lastKnownFileType = sourcecode.swift; path = StoreManager.swift; sourceTree = "<group>"; };
		53B2CD022EFB0002009167B7 /* AdManager.swift */ = {isa = PBXFileReference; lastKnownFileType = sourcecode.swift; path = AdManager.swift; sourceTree = "<group>"; };
		53B2CD042EFB0003009167B7 /* ParentGateView.swift */ = {isa = PBXFileReference; lastKnownFileType = sourcecode.swift; path = ParentGateView.swift; sourceTree = "<group>"; };
		53B2CE002EFC0000009167B7 /* spelling-bee iOS AppTests.xctest */ = {isa = PBXFileReference; explicitFileType = wrapper.cfbundle; includeInIndex = 0; path = "spelling-bee iOS AppTests.xctest"; sourceTree = BUILT_PRODUCTS_DIR; };
		53B2CE062EFC0006009167B7 /* spelling_bee_iOS_AppTests.swift */ = {isa = PBXFileReference; lastKnownFileType = sourcecode.swift; path = spelling_bee_iOS_AppTests.swift; sourceTree = "<group>"; };
		53B2CE112EFC0011009167B7 /* spelling-bee iOS AppUITests.xctest */ = {isa = PBXFileReference; explicitFileType = wrapper.cfbundle; includeInIndex = 0; path = "spelling-bee iOS AppUITests.xctest"; sourceTree = BUILT_PRODUCTS_DIR; };
		53B2CE162EFC0016009167B7 /* spelling_bee_iOS_AppUITests.swift */ = {isa = PBXFileReference; lastKnownFileType = sourcecode.swift; path = spelling_bee_iOS_AppUITests.swift; sourceTree = "<group>"; };
		53B2CE172EFC0017009167B7 /* spelling_bee_iOS_AppUITestsLaunchTests.swift */ = {isa = PBXFileReference; lastKnownFileType = sourcecode.swift; path = spelling_bee_iOS_AppUITestsLaunchTests.swift; sourceTree = "<group>"; };
		53B2CF012EFD0001009167B7 /* SyncableProfile.swift */ = {isa = PBXFileReference; lastKnownFileType = sourcecode.swift; path = SyncableProfile.swift; sourceTree = "<group>"; };
		53B2CF022EFD0002009167B7 /* SyncServiceProtocol.swift */ = {isa = PBXFileReference; lastKnownFileType = sourcecode.swift; path = SyncServiceProtocol.swift; sourceTree = "<group>"; };
		53B2CF032EFD0003009167B7 /* LocalCacheService.swift */ = {isa = PBXFileReference; lastKnownFileType = sourcecode.swift; path = LocalCacheService.swift; sourceTree = "<group>"; };
		53B2CF052EFD0005009167B7 /* SyncCoordinator.swift */ = {isa = PBXFileReference; lastKnownFileType = sourcecode.swift; path = SyncCoordinator.swift; sourceTree = "<group>"; };
		53B2CF072EFD0007009167B7 /* PhoneSyncHelper.swift */ = {isa = PBXFileReference; lastKnownFileType = sourcecode.swift; path = PhoneSyncHelper.swift; sourceTree = "<group>"; };
		5738560D4D15E3890863E1C3 /* WatchGameView.swift */ = {isa = PBXFileReference; includeInIndex = 1; lastKnownFileType = sourcecode.swift; path = WatchGameView.swift; sourceTree = "<group>"; };
		78F4E6D0DCCAA8B777FC1C38 /* ContentView.swift */ = {isa = PBXFileReference; includeInIndex = 1; lastKnownFileType = sourcecode.swift; path = ContentView.swift; sourceTree = "<group>"; };
		9670037D8EBFE05D21B88B8B /* Audio */ = {isa = PBXFileReference; includeInIndex = 1; lastKnownFileType = folder; path = Audio; sourceTree = "<group>"; };
		A76E914314266D7F94B9E0EB /* Pods_spelling_bee_iOS_App.framework */ = {isa = PBXFileReference; explicitFileType = wrapper.framework; includeInIndex = 0; path = Pods_spelling_bee_iOS_App.framework; sourceTree = BUILT_PRODUCTS_DIR; };
		ACF6BE9604A3218453139B52 /* SpellFlare Watch App.app */ = {isa = PBXFileReference; explicitFileType = wrapper.application; includeInIndex = 0; path = "SpellFlare Watch App.app"; sourceTree = BUILT_PRODUCTS_DIR; };
		CF32531B97AF4BADAD29C8A7 /* Resources/Audio */ = {isa = PBXFileReference; lastKnownFileType = folder; path = Resources/Audio; sourceTree = "<group>"; };
		D278C0DEE0547EE5CAE5ABFD /* WatchHomeView.swift */ = {isa = PBXFileReference; includeInIndex = 1; lastKnownFileType = sourcecode.swift; path = WatchHomeView.swift; sourceTree = "<group>"; };
		DF7076FE5E396EB00641C227 /* WatchGameViewModel.swift */ = {isa = PBXFileReference; includeInIndex = 1; lastKnownFileType = sourcecode.swift; path = WatchGameViewModel.swift; sourceTree = "<group>"; };
		E2C1F1867E7E50C292183A2D /* SpellFlare-Watch.entitlements */ = {isa = PBXFileReference; includeInIndex = 1; lastKnownFileType = text.plist.entitlements; path = "SpellFlare-Watch.entitlements"; sourceTree = "<group>"; };
		F6593BCA60835766DBD4EC26 /* SpellFlareWatchApp.swift */ = {isa = PBXFileReference; includeInIndex = 1; lastKnownFileType = sourcecode.swift; path = SpellFlareWatchApp.swift; sourceTree = "<group>"; };
/* End PBXFileReference section */

/* Begin PBXFrameworksBuildPhase section */
		53B2CC302EFA6020009167B7 /* Frameworks */ = {
			isa = PBXFrameworksBuildPhase;
			buildActionMask = 2147483647;
			files = (
				4582A056AC992458F92E1A37 /* Pods_spelling_bee_iOS_App.framework in Frameworks */,
			);
			runOnlyForDeploymentPostprocessing = 0;
		};
		53B2CE032EFC0003009167B7 /* Frameworks */ = {
			isa = PBXFrameworksBuildPhase;
			buildActionMask = 2147483647;
			files = (
			);
			runOnlyForDeploymentPostprocessing = 0;
		};
		53B2CE132EFC0013009167B7 /* Frameworks */ = {
			isa = PBXFrameworksBuildPhase;
			buildActionMask = 2147483647;
			files = (
			);
			runOnlyForDeploymentPostprocessing = 0;
		};
/* End PBXFrameworksBuildPhase section */

/* Begin PBXGroup section */
		2ECF12E8F77B3FB484492D5C /* Views */ = {
			isa = PBXGroup;
			children = (
				D278C0DEE0547EE5CAE5ABFD /* WatchHomeView.swift */,
				5738560D4D15E3890863E1C3 /* WatchGameView.swift */,
				30CEA0D30E0BADC4FC4EA8FB /* WatchLevelCompleteView.swift */,
			);
			path = Views;
			sourceTree = "<group>";
		};
		37057D0189093C11CC2BAF97 /* Services */ = {
			isa = PBXGroup;
			children = (
				453B059DC2F6A8D40BC0D069 /* WatchSpeechService.swift */,
				0A4FB345F0C6EC1CA233AE06 /* WatchAudioService.swift */,
				3A48959F168D4811792C017D /* WatchSyncHelper.swift */,
				2E1AAD1AED6AD2DAD296A88B /* WatchWordBankService.swift */,
			);
			path = Services;
			sourceTree = "<group>";
		};
		53B2CB432EFA4E16009167B7 = {
			isa = PBXGroup;
			children = (
				53B2CF302EFD0030009167B7 /* Shared */,
				53B2CC202EFA6010009167B7 /* spelling-bee iOS App */,
				53B2CE052EFC0005009167B7 /* spelling-bee iOS AppTests */,
				53B2CE152EFC0015009167B7 /* spelling-bee iOS AppUITests */,
				53B2CB4B2EFA4E17009167B7 /* Products */,
				BBFC945EDBFDE4CC58194F49 /* Pods */,
				FB34AFC5F44E456AF9A4B027 /* Frameworks */,
				935918F67F5A1257B640C6CA /* SpellFlare Watch App */,
			);
			sourceTree = "<group>";
		};
		53B2CB4B2EFA4E17009167B7 /* Products */ = {
			isa = PBXGroup;
			children = (
				53B2CB4A2EFA4E17009167B7 /* spelling-bee.app */,
				53B2CC002EFA6000009167B7 /* spelling-bee iOS App.app */,
				53B2CE002EFC0000009167B7 /* spelling-bee iOS AppTests.xctest */,
				53B2CE112EFC0011009167B7 /* spelling-bee iOS AppUITests.xctest */,
				ACF6BE9604A3218453139B52 /* SpellFlare Watch App.app */,
			);
			name = Products;
			sourceTree = "<group>";
		};
		53B2CC202EFA6010009167B7 /* spelling-bee iOS App */ = {
			isa = PBXGroup;
			children = (
				53B2CC102EFA6000009167B7 /* spelling_bee_iOS_App.swift */,
				53B2CC112EFA6001009167B7 /* ContentView.swift */,
				53B2CC212EFA6011009167B7 /* Models */,
				53B2CC222EFA6012009167B7 /* Services */,
				53B2CC232EFA6013009167B7 /* ViewModels */,
				53B2CC242EFA6014009167B7 /* Views */,
				53B2CC612EFA7001009167B7 /* Assets.xcassets */,
				CF32531B97AF4BADAD29C8A7 /* Resources/Audio */,
			);
			path = "spelling-bee iOS App";
			sourceTree = "<group>";
		};
		53B2CC212EFA6011009167B7 /* Models */ = {
			isa = PBXGroup;
			children = (
				53B2CC122EFA6002009167B7 /* UserProfile.swift */,
				53B2CC132EFA6003009167B7 /* Word.swift */,
				53B2CC132EFA6003009167B8 /* WordSentence.swift */,
			);
			path = Models;
			sourceTree = "<group>";
		};
		53B2CC222EFA6012009167B7 /* Services */ = {
			isa = PBXGroup;
			children = (
				53B2CC142EFA6004009167B7 /* SpeechService.swift */,
				2CF4E0660AFA444A918CEE5C /* AudioPlaybackService.swift */,
				53B2CC152EFA6005009167B7 /* WordBankService.swift */,
				53B2CC162EFA6006009167B7 /* PersistenceService.swift */,
				53B2CD002EFB0001009167B7 /* StoreManager.swift */,
				53B2CD022EFB0002009167B7 /* AdManager.swift */,
				53B2CF072EFD0007009167B7 /* PhoneSyncHelper.swift */,
			);
			path = Services;
			sourceTree = "<group>";
		};
		53B2CC232EFA6013009167B7 /* ViewModels */ = {
			isa = PBXGroup;
			children = (
				53B2CC172EFA6007009167B7 /* AppState.swift */,
				53B2CC182EFA6008009167B7 /* GameViewModel.swift */,
			);
			path = ViewModels;
			sourceTree = "<group>";
		};
		53B2CC242EFA6014009167B7 /* Views */ = {
			isa = PBXGroup;
			children = (
				53B2CC252EFA6015009167B7 /* Onboarding */,
				53B2CC262EFA6016009167B7 /* Home */,
				53B2CC272EFA6017009167B7 /* Game */,
				53B2CD082EFB0005009167B7 /* Common */,
			);
			path = Views;
			sourceTree = "<group>";
		};
		53B2CC252EFA6015009167B7 /* Onboarding */ = {
			isa = PBXGroup;
			children = (
				53B2CC192EFA6009009167B7 /* OnboardingView.swift */,
			);
			path = Onboarding;
			sourceTree = "<group>";
		};
		53B2CC262EFA6016009167B7 /* Home */ = {
			isa = PBXGroup;
			children = (
				53B2CC1A2EFA600A009167B7 /* HomeView.swift */,
				53B2CC1B2EFA600B009167B7 /* SettingsView.swift */,
			);
			path = Home;
			sourceTree = "<group>";
		};
		53B2CC272EFA6017009167B7 /* Game */ = {
			isa = PBXGroup;
			children = (
				53B2CC1C2EFA600C009167B7 /* GameView.swift */,
				53B2CC1D2EFA600D009167B7 /* FeedbackView.swift */,
				53B2CC1E2EFA600E009167B7 /* LevelCompleteView.swift */,
			);
			path = Game;
			sourceTree = "<group>";
		};
		53B2CD082EFB0005009167B7 /* Common */ = {
			isa = PBXGroup;
			children = (
				53B2CD042EFB0003009167B7 /* ParentGateView.swift */,
			);
			path = Common;
			sourceTree = "<group>";
		};
		53B2CE052EFC0005009167B7 /* spelling-bee iOS AppTests */ = {
			isa = PBXGroup;
			children = (
				53B2CE062EFC0006009167B7 /* spelling_bee_iOS_AppTests.swift */,
			);
			path = "spelling-bee iOS AppTests";
			sourceTree = "<group>";
		};
		53B2CE152EFC0015009167B7 /* spelling-bee iOS AppUITests */ = {
			isa = PBXGroup;
			children = (
				53B2CE162EFC0016009167B7 /* spelling_bee_iOS_AppUITests.swift */,
				53B2CE172EFC0017009167B7 /* spelling_bee_iOS_AppUITestsLaunchTests.swift */,
			);
			path = "spelling-bee iOS AppUITests";
			sourceTree = "<group>";
		};
		53B2CF302EFD0030009167B7 /* Shared */ = {
			isa = PBXGroup;
			children = (
				53B2CF312EFD0031009167B7 /* Models */,
				53B2CF332EFD0033009167B7 /* Protocols */,
				53B2CF322EFD0032009167B7 /* Services */,
			);
			path = Shared;
			sourceTree = "<group>";
		};
		53B2CF312EFD0031009167B7 /* Models */ = {
			isa = PBXGroup;
			children = (
				53B2CF012EFD0001009167B7 /* SyncableProfile.swift */,
			);
			path = Models;
			sourceTree = "<group>";
		};
		53B2CF322EFD0032009167B7 /* Services */ = {
			isa = PBXGroup;
			children = (
				53B2CF032EFD0003009167B7 /* LocalCacheService.swift */,
				53B2CF052EFD0005009167B7 /* SyncCoordinator.swift */,
			);
			path = Services;
			sourceTree = "<group>";
		};
		53B2CF332EFD0033009167B7 /* Protocols */ = {
			isa = PBXGroup;
			children = (
				53B2CF022EFD0002009167B7 /* SyncServiceProtocol.swift */,
			);
			path = Protocols;
			sourceTree = "<group>";
		};
		8B542769DC750ECD6652FDBD /* watchOS */ = {
			isa = PBXGroup;
			children = (
				45DF2A1DF38A45780AF203D1 /* Foundation.framework */,
			);
			name = watchOS;
			sourceTree = "<group>";
		};
		935918F67F5A1257B640C6CA /* SpellFlare Watch App */ = {
			isa = PBXGroup;
			children = (
				37057D0189093C11CC2BAF97 /* Services */,
				EE638B87CE289AE59161C9B4 /* ViewModels */,
				2ECF12E8F77B3FB484492D5C /* Views */,
				CEDC758ACC511ECD6CBD12D3 /* Resources */,
				F6593BCA60835766DBD4EC26 /* SpellFlareWatchApp.swift */,
				78F4E6D0DCCAA8B777FC1C38 /* ContentView.swift */,
				039F800645BE08991750D157 /* Info.plist */,
				E2C1F1867E7E50C292183A2D /* SpellFlare-Watch.entitlements */,
				30D04AC668556D4186EA9F87 /* Assets.xcassets */,
			);
			path = "SpellFlare Watch App";
			sourceTree = "<group>";
		};
		BBFC945EDBFDE4CC58194F49 /* Pods */ = {
			isa = PBXGroup;
			children = (
				31E61ADECD5FF68699C3AC49 /* Pods-spelling-bee iOS App.debug.xcconfig */,
				040941BA4CC6094C6D148752 /* Pods-spelling-bee iOS App.release.xcconfig */,
			);
			path = Pods;
			sourceTree = "<group>";
		};
		CEDC758ACC511ECD6CBD12D3 /* Resources */ = {
			isa = PBXGroup;
			children = (
				9670037D8EBFE05D21B88B8B /* Audio */,
			);
			path = Resources;
			sourceTree = "<group>";
		};
		EE638B87CE289AE59161C9B4 /* ViewModels */ = {
			isa = PBXGroup;
			children = (
				18E0DDBC878982CB9DB96959 /* WatchAppState.swift */,
				DF7076FE5E396EB00641C227 /* WatchGameViewModel.swift */,
			);
			path = ViewModels;
			sourceTree = "<group>";
		};
		FB34AFC5F44E456AF9A4B027 /* Frameworks */ = {
			isa = PBXGroup;
			children = (
				A76E914314266D7F94B9E0EB /* Pods_spelling_bee_iOS_App.framework */,
				8B542769DC750ECD6652FDBD /* watchOS */,
			);
			name = Frameworks;
			sourceTree = "<group>";
		};
/* End PBXGroup section */

/* Begin PBXNativeTarget section */
		53B2CB492EFA4E17009167B7 /* spelling-bee */ = {
			isa = PBXNativeTarget;
			buildConfigurationList = 53B2CB7A2EFA4E1A009167B7 /* Build configuration list for PBXNativeTarget "spelling-bee" */;
			buildPhases = (
				53B2CB482EFA4E17009167B7 /* Resources */,
				53B2CB792EFA4E1A009167B7 /* Embed Watch Content */,
			);
			buildRules = (
			);
			dependencies = (
				ED735201C053FD0DC11D2B3C /* PBXTargetDependency */,
			);
			name = "spelling-bee";
			productName = "spelling-bee";
			productReference = 53B2CB4A2EFA4E17009167B7 /* spelling-bee.app */;
			productType = "com.apple.product-type.application.watchapp2-container";
		};
		53B2CC402EFA6030009167B7 /* spelling-bee iOS App */ = {
			isa = PBXNativeTarget;
			buildConfigurationList = 53B2CC502EFA6040009167B7 /* Build configuration list for PBXNativeTarget "spelling-bee iOS App" */;
			buildPhases = (
				55866E791B5D6AA3A1A865FE /* [CP] Check Pods Manifest.lock */,
				53B2CC312EFA6021009167B7 /* Sources */,
				53B2CC302EFA6020009167B7 /* Frameworks */,
				53B2CC322EFA6022009167B7 /* Resources */,
				BAED1708D7F649D1B0C6FCBC /* [CP] Copy Pods Resources */,
			);
			buildRules = (
			);
			dependencies = (
			);
			name = "spelling-bee iOS App";
			productName = "spelling-bee iOS App";
			productReference = 53B2CC002EFA6000009167B7 /* spelling-bee iOS App.app */;
			productType = "com.apple.product-type.application";
		};
		53B2CE012EFC0001009167B7 /* spelling-bee iOS AppTests */ = {
			isa = PBXNativeTarget;
			buildConfigurationList = 53B2CE0A2EFC000A009167B7 /* Build configuration list for PBXNativeTarget "spelling-bee iOS AppTests" */;
			buildPhases = (
				53B2CE022EFC0002009167B7 /* Sources */,
				53B2CE032EFC0003009167B7 /* Frameworks */,
				53B2CE042EFC0004009167B7 /* Resources */,
			);
			buildRules = (
			);
			dependencies = (
				53B2CE092EFC0009009167B7 /* PBXTargetDependency */,
			);
			name = "spelling-bee iOS AppTests";
			productName = "spelling-bee iOS AppTests";
			productReference = 53B2CE002EFC0000009167B7 /* spelling-bee iOS AppTests.xctest */;
			productType = "com.apple.product-type.bundle.unit-test";
		};
		53B2CE102EFC0010009167B7 /* spelling-bee iOS AppUITests */ = {
			isa = PBXNativeTarget;
			buildConfigurationList = 53B2CE1C2EFC001C009167B7 /* Build configuration list for PBXNativeTarget "spelling-bee iOS AppUITests" */;
			buildPhases = (
				53B2CE122EFC0012009167B7 /* Sources */,
				53B2CE132EFC0013009167B7 /* Frameworks */,
				53B2CE142EFC0014009167B7 /* Resources */,
			);
			buildRules = (
			);
			dependencies = (
				53B2CE1B2EFC001B009167B7 /* PBXTargetDependency */,
			);
			name = "spelling-bee iOS AppUITests";
			productName = "spelling-bee iOS AppUITests";
			productReference = 53B2CE112EFC0011009167B7 /* spelling-bee iOS AppUITests.xctest */;
			productType = "com.apple.product-type.bundle.ui-testing";
		};
		B490071FEB3008B0CFB9D73D /* SpellFlare Watch App */ = {
			isa = PBXNativeTarget;
			buildConfigurationList = CF373C1C659700430F93F3D7 /* Build configuration list for PBXNativeTarget "SpellFlare Watch App" */;
			buildPhases = (
				796CC58CC5F3BB9AD7114A46 /* Sources */,
				6DAA37B5B9639D804B532644 /* Resources */,
			);
			buildRules = (
			);
			dependencies = (
			);
			name = "SpellFlare Watch App";
			productName = "SpellFlare Watch App";
			productReference = ACF6BE9604A3218453139B52 /* SpellFlare Watch App.app */;
			productType = "com.apple.product-type.application";
		};
/* End PBXNativeTarget section */

/* Begin PBXProject section */
		53B2CB442EFA4E16009167B7 /* Project object */ = {
			isa = PBXProject;
			attributes = {
				BuildIndependentTargetsInParallel = 1;
				LastSwiftUpdateCheck = 1420;
				LastUpgradeCheck = 2620;
				TargetAttributes = {
					53B2CB492EFA4E17009167B7 = {
						CreatedOnToolsVersion = 14.2;
					};
					53B2CC402EFA6030009167B7 = {
						CreatedOnToolsVersion = 14.2;
					};
					53B2CE012EFC0001009167B7 = {
						CreatedOnToolsVersion = 14.2;
						TestTargetID = 53B2CC402EFA6030009167B7;
					};
					53B2CE102EFC0010009167B7 = {
						CreatedOnToolsVersion = 14.2;
						TestTargetID = 53B2CC402EFA6030009167B7;
					};
					B490071FEB3008B0CFB9D73D = {
						CreatedOnToolsVersion = 14.2;
					};
				};
			};
			buildConfigurationList = 53B2CB472EFA4E16009167B7 /* Build configuration list for PBXProject "spelling-bee" */;
			compatibilityVersion = "Xcode 14.0";
			developmentRegion = en;
			hasScannedForEncodings = 0;
			knownRegions = (
				en,
				Base,
			);
			mainGroup = 53B2CB432EFA4E16009167B7;
			productRefGroup = 53B2CB4B2EFA4E17009167B7 /* Products */;
			projectDirPath = "";
			projectRoot = "";
			targets = (
				53B2CB492EFA4E17009167B7 /* spelling-bee */,
				53B2CC402EFA6030009167B7 /* spelling-bee iOS App */,
				53B2CE012EFC0001009167B7 /* spelling-bee iOS AppTests */,
				53B2CE102EFC0010009167B7 /* spelling-bee iOS AppUITests */,
				B490071FEB3008B0CFB9D73D /* SpellFlare Watch App */,
			);
		};
/* End PBXProject section */

/* Begin PBXResourcesBuildPhase section */
		53B2CB482EFA4E17009167B7 /* Resources */ = {
			isa = PBXResourcesBuildPhase;
			buildActionMask = 2147483647;
			files = (
			);
			runOnlyForDeploymentPostprocessing = 0;
		};
		53B2CC322EFA6022009167B7 /* Resources */ = {
			isa = PBXResourcesBuildPhase;
			buildActionMask = 2147483647;
			files = (
				53B2CC602EFA7000009167B7 /* Assets.xcassets in Resources */,
				B66F95FC3EAC45E1BFA1E7E4 /* Resources/Audio in Resources */,
			);
			runOnlyForDeploymentPostprocessing = 0;
		};
		53B2CE042EFC0004009167B7 /* Resources */ = {
			isa = PBXResourcesBuildPhase;
			buildActionMask = 2147483647;
			files = (
			);
			runOnlyForDeploymentPostprocessing = 0;
		};
		53B2CE142EFC0014009167B7 /* Resources */ = {
			isa = PBXResourcesBuildPhase;
			buildActionMask = 2147483647;
			files = (
			);
			runOnlyForDeploymentPostprocessing = 0;
		};
		6DAA37B5B9639D804B532644 /* Resources */ = {
			isa = PBXResourcesBuildPhase;
			buildActionMask = 2147483647;
			files = (
				C3C2B184F2E8649E08D57024 /* Audio in Resources */,
				FE17E75ED6D35FA67ADAA139 /* Assets.xcassets in Resources */,
			);
			runOnlyForDeploymentPostprocessing = 0;
		};
/* End PBXResourcesBuildPhase section */

/* Begin PBXShellScriptBuildPhase section */
		55866E791B5D6AA3A1A865FE /* [CP] Check Pods Manifest.lock */ = {
			isa = PBXShellScriptBuildPhase;
			buildActionMask = 2147483647;
			files = (
			);
			inputFileListPaths = (
			);
			inputPaths = (
				"${PODS_PODFILE_DIR_PATH}/Podfile.lock",
				"${PODS_ROOT}/Manifest.lock",
			);
			name = "[CP] Check Pods Manifest.lock";
			outputFileListPaths = (
			);
			outputPaths = (
				"$(DERIVED_FILE_DIR)/Pods-spelling-bee iOS App-checkManifestLockResult.txt",
			);
			runOnlyForDeploymentPostprocessing = 0;
			shellPath = /bin/sh;
			shellScript = "diff \"${PODS_PODFILE_DIR_PATH}/Podfile.lock\" \"${PODS_ROOT}/Manifest.lock\" > /dev/null\nif [ $? != 0 ] ; then\n    # print error to STDERR\n    echo \"error: The sandbox is not in sync with the Podfile.lock. Run 'pod install' or update your CocoaPods installation.\" >&2\n    exit 1\nfi\n# This output is used by Xcode 'outputs' to avoid re-running this script phase.\necho \"SUCCESS\" > \"${SCRIPT_OUTPUT_FILE_0}\"\n";
			showEnvVarsInLog = 0;
		};
		BAED1708D7F649D1B0C6FCBC /* [CP] Copy Pods Resources */ = {
			isa = PBXShellScriptBuildPhase;
			buildActionMask = 2147483647;
			files = (
			);
			inputFileListPaths = (
				"${PODS_ROOT}/Target Support Files/Pods-spelling-bee iOS App/Pods-spelling-bee iOS App-resources-${CONFIGURATION}-input-files.xcfilelist",
			);
			inputPaths = (
			);
			name = "[CP] Copy Pods Resources";
			outputFileListPaths = (
				"${PODS_ROOT}/Target Support Files/Pods-spelling-bee iOS App/Pods-spelling-bee iOS App-resources-${CONFIGURATION}-output-files.xcfilelist",
			);
			outputPaths = (
			);
			runOnlyForDeploymentPostprocessing = 0;
			shellPath = /bin/sh;
			shellScript = "\"${PODS_ROOT}/Target Support Files/Pods-spelling-bee iOS App/Pods-spelling-bee iOS App-resources.sh\"\n";
			showEnvVarsInLog = 0;
		};
/* End PBXShellScriptBuildPhase section */

/* Begin PBXSourcesBuildPhase section */
		53B2CC312EFA6021009167B7 /* Sources */ = {
			isa = PBXSourcesBuildPhase;
			buildActionMask = 2147483647;
			files = (
				53B2CC012EFA6000009167B7 /* spelling_bee_iOS_App.swift in Sources */,
				53B2CC022EFA6001009167B7 /* ContentView.swift in Sources */,
				53B2CC032EFA6002009167B7 /* UserProfile.swift in Sources */,
				53B2CC042EFA6003009167B7 /* Word.swift in Sources */,
				53B2CC042EFA6003009167B8 /* WordSentence.swift in Sources */,
				53B2CC052EFA6004009167B7 /* SpeechService.swift in Sources */,
				30DA3C59B1C7459D8BA15755 /* AudioPlaybackService.swift in Sources */,
				53B2CC062EFA6005009167B7 /* WordBankService.swift in Sources */,
				53B2CC072EFA6006009167B7 /* PersistenceService.swift in Sources */,
				53B2CD012EFB0001009167B7 /* StoreManager.swift in Sources */,
				53B2CD032EFB0002009167B7 /* AdManager.swift in Sources */,
				53B2CC082EFA6007009167B7 /* AppState.swift in Sources */,
				53B2CC092EFA6008009167B7 /* GameViewModel.swift in Sources */,
				53B2CC0A2EFA6009009167B7 /* OnboardingView.swift in Sources */,
				53B2CC0B2EFA600A009167B7 /* HomeView.swift in Sources */,
				53B2CC0C2EFA600B009167B7 /* SettingsView.swift in Sources */,
				53B2CD052EFB0003009167B7 /* ParentGateView.swift in Sources */,
				53B2CC0D2EFA600C009167B7 /* GameView.swift in Sources */,
				53B2CC0E2EFA600D009167B7 /* FeedbackView.swift in Sources */,
				53B2CC0F2EFA600E009167B7 /* LevelCompleteView.swift in Sources */,
				53B2CF112EFD0011009167B7 /* SyncableProfile.swift in Sources */,
				53B2CF122EFD0012009167B7 /* SyncServiceProtocol.swift in Sources */,
				53B2CF132EFD0013009167B7 /* LocalCacheService.swift in Sources */,
				53B2CF152EFD0015009167B7 /* SyncCoordinator.swift in Sources */,
				53B2CF272EFD0027009167B7 /* PhoneSyncHelper.swift in Sources */,
			);
			runOnlyForDeploymentPostprocessing = 0;
		};
		53B2CE022EFC0002009167B7 /* Sources */ = {
			isa = PBXSourcesBuildPhase;
			buildActionMask = 2147483647;
			files = (
				53B2CE072EFC0007009167B7 /* spelling_bee_iOS_AppTests.swift in Sources */,
			);
			runOnlyForDeploymentPostprocessing = 0;
		};
		53B2CE122EFC0012009167B7 /* Sources */ = {
			isa = PBXSourcesBuildPhase;
			buildActionMask = 2147483647;
			files = (
				53B2CE182EFC0018009167B7 /* spelling_bee_iOS_AppUITests.swift in Sources */,
				53B2CE192EFC0019009167B7 /* spelling_bee_iOS_AppUITestsLaunchTests.swift in Sources */,
			);
			runOnlyForDeploymentPostprocessing = 0;
		};
		796CC58CC5F3BB9AD7114A46 /* Sources */ = {
			isa = PBXSourcesBuildPhase;
			buildActionMask = 2147483647;
			files = (
				DA799CAD5B44CCE5A4B3B60F /* SpellFlareWatchApp.swift in Sources */,
				EC8324B6305A824D393668EB /* ContentView.swift in Sources */,
				A64A911AF36D048A7723B3C9 /* WatchSpeechService.swift in Sources */,
				4E9076E94B986757FBAC52AE /* WatchAudioService.swift in Sources */,
				AE98083BDD798CDB67DD227B /* WatchSyncHelper.swift in Sources */,
				53BA2AFB3990417344B3D735 /* WatchWordBankService.swift in Sources */,
				3BBC6EFA5D0985CB070F9C4D /* WatchAppState.swift in Sources */,
				D46598A37DF16AC815B4F68B /* WatchGameViewModel.swift in Sources */,
				581C297148A514F5A93C5F3D /* WatchHomeView.swift in Sources */,
				AA94098439FC05E72D988ECA /* WatchGameView.swift in Sources */,
				93668A426FBBF0D8BE68B09C /* WatchLevelCompleteView.swift in Sources */,
				38802E6A4C17E612CC55E310 /* SyncableProfile.swift in Sources */,
				B837E42A87BCC93824D7142E /* LocalCacheService.swift in Sources */,
				51D38BC2B724CF8A31C5707C /* UserProfile.swift in Sources */,
				F889CB2D68BA5D80DE4E5D7D /* Word.swift in Sources */,
			);
			runOnlyForDeploymentPostprocessing = 0;
		};
/* End PBXSourcesBuildPhase section */

/* Begin PBXTargetDependency section */
		53B2CE092EFC0009009167B7 /* PBXTargetDependency */ = {
			isa = PBXTargetDependency;
			target = 53B2CC402EFA6030009167B7 /* spelling-bee iOS App */;
			targetProxy = 53B2CE082EFC0008009167B7 /* PBXContainerItemProxy */;
		};
		53B2CE1B2EFC001B009167B7 /* PBXTargetDependency */ = {
			isa = PBXTargetDependency;
			target = 53B2CC402EFA6030009167B7 /* spelling-bee iOS App */;
			targetProxy = 53B2CE1A2EFC001A009167B7 /* PBXContainerItemProxy */;
		};
		ED735201C053FD0DC11D2B3C /* PBXTargetDependency */ = {
			isa = PBXTargetDependency;
			name = "SpellFlare Watch App";
			target = B490071FEB3008B0CFB9D73D /* SpellFlare Watch App */;
			targetProxy = CD58B161335F000A9290BFCC /* PBXContainerItemProxy */;
		};
/* End PBXTargetDependency section */

/* Begin XCBuildConfiguration section */
		53B2CB742EFA4E1A009167B7 /* Debug */ = {
			isa = XCBuildConfiguration;
			buildSettings = {
				ALWAYS_SEARCH_USER_PATHS = NO;
				CLANG_ANALYZER_NONNULL = YES;
				CLANG_ANALYZER_NUMBER_OBJECT_CONVERSION = YES_AGGRESSIVE;
				CLANG_CXX_LANGUAGE_STANDARD = "gnu++20";
				CLANG_ENABLE_MODULES = YES;
				CLANG_ENABLE_OBJC_ARC = YES;
				CLANG_ENABLE_OBJC_WEAK = YES;
				CLANG_WARN_BLOCK_CAPTURE_AUTORELEASING = YES;
				CLANG_WARN_BOOL_CONVERSION = YES;
				CLANG_WARN_COMMA = YES;
				CLANG_WARN_CONSTANT_CONVERSION = YES;
				CLANG_WARN_DEPRECATED_OBJC_IMPLEMENTATIONS = YES;
				CLANG_WARN_DIRECT_OBJC_ISA_USAGE = YES_ERROR;
				CLANG_WARN_DOCUMENTATION_COMMENTS = YES;
				CLANG_WARN_EMPTY_BODY = YES;
				CLANG_WARN_ENUM_CONVERSION = YES;
				CLANG_WARN_INFINITE_RECURSION = YES;
				CLANG_WARN_INT_CONVERSION = YES;
				CLANG_WARN_NON_LITERAL_NULL_CONVERSION = YES;
				CLANG_WARN_OBJC_IMPLICIT_RETAIN_SELF = YES;
				CLANG_WARN_OBJC_LITERAL_CONVERSION = YES;
				CLANG_WARN_OBJC_ROOT_CLASS = YES_ERROR;
				CLANG_WARN_QUOTED_INCLUDE_IN_FRAMEWORK_HEADER = YES;
				CLANG_WARN_RANGE_LOOP_ANALYSIS = YES;
				CLANG_WARN_STRICT_PROTOTYPES = YES;
				CLANG_WARN_SUSPICIOUS_MOVE = YES;
				CLANG_WARN_UNGUARDED_AVAILABILITY = YES_AGGRESSIVE;
				CLANG_WARN_UNREACHABLE_CODE = YES;
				CLANG_WARN__DUPLICATE_METHOD_MATCH = YES;
				COPY_PHASE_STRIP = NO;
				DEAD_CODE_STRIPPING = YES;
				DEBUG_INFORMATION_FORMAT = dwarf;
				DEVELOPMENT_TEAM = F5D5362ZUD;
				ENABLE_STRICT_OBJC_MSGSEND = YES;
				ENABLE_TESTABILITY = YES;
				ENABLE_USER_SCRIPT_SANDBOXING = YES;
				GCC_C_LANGUAGE_STANDARD = gnu11;
				GCC_DYNAMIC_NO_PIC = NO;
				GCC_NO_COMMON_BLOCKS = YES;
				GCC_OPTIMIZATION_LEVEL = 0;
				GCC_PREPROCESSOR_DEFINITIONS = (
					"DEBUG=1",
					"$(inherited)",
				);
				GCC_WARN_64_TO_32_BIT_CONVERSION = YES;
				GCC_WARN_ABOUT_RETURN_TYPE = YES_ERROR;
				GCC_WARN_UNDECLARED_SELECTOR = YES;
				GCC_WARN_UNINITIALIZED_AUTOS = YES_AGGRESSIVE;
				GCC_WARN_UNUSED_FUNCTION = YES;
				GCC_WARN_UNUSED_VARIABLE = YES;
				MTL_ENABLE_DEBUG_INFO = INCLUDE_SOURCE;
				MTL_FAST_MATH = YES;
				ONLY_ACTIVE_ARCH = YES;
				STRING_CATALOG_GENERATE_SYMBOLS = YES;
				SWIFT_ACTIVE_COMPILATION_CONDITIONS = DEBUG;
				SWIFT_OPTIMIZATION_LEVEL = "-Onone";
			};
			name = Debug;
		};
		53B2CB752EFA4E1A009167B7 /* Release */ = {
			isa = XCBuildConfiguration;
			buildSettings = {
				ALWAYS_SEARCH_USER_PATHS = NO;
				CLANG_ANALYZER_NONNULL = YES;
				CLANG_ANALYZER_NUMBER_OBJECT_CONVERSION = YES_AGGRESSIVE;
				CLANG_CXX_LANGUAGE_STANDARD = "gnu++20";
				CLANG_ENABLE_MODULES = YES;
				CLANG_ENABLE_OBJC_ARC = YES;
				CLANG_ENABLE_OBJC_WEAK = YES;
				CLANG_WARN_BLOCK_CAPTURE_AUTORELEASING = YES;
				CLANG_WARN_BOOL_CONVERSION = YES;
				CLANG_WARN_COMMA = YES;
				CLANG_WARN_CONSTANT_CONVERSION = YES;
				CLANG_WARN_DEPRECATED_OBJC_IMPLEMENTATIONS = YES;
				CLANG_WARN_DIRECT_OBJC_ISA_USAGE = YES_ERROR;
				CLANG_WARN_DOCUMENTATION_COMMENTS = YES;
				CLANG_WARN_EMPTY_BODY = YES;
				CLANG_WARN_ENUM_CONVERSION = YES;
				CLANG_WARN_INFINITE_RECURSION = YES;
				CLANG_WARN_INT_CONVERSION = YES;
				CLANG_WARN_NON_LITERAL_NULL_CONVERSION = YES;
				CLANG_WARN_OBJC_IMPLICIT_RETAIN_SELF = YES;
				CLANG_WARN_OBJC_LITERAL_CONVERSION = YES;
				CLANG_WARN_OBJC_ROOT_CLASS = YES_ERROR;
				CLANG_WARN_QUOTED_INCLUDE_IN_FRAMEWORK_HEADER = YES;
				CLANG_WARN_RANGE_LOOP_ANALYSIS = YES;
				CLANG_WARN_STRICT_PROTOTYPES = YES;
				CLANG_WARN_SUSPICIOUS_MOVE = YES;
				CLANG_WARN_UNGUARDED_AVAILABILITY = YES_AGGRESSIVE;
				CLANG_WARN_UNREACHABLE_CODE = YES;
				CLANG_WARN__DUPLICATE_METHOD_MATCH = YES;
				COPY_PHASE_STRIP = NO;
				DEAD_CODE_STRIPPING = YES;
				DEBUG_INFORMATION_FORMAT = "dwarf-with-dsym";
				DEVELOPMENT_TEAM = F5D5362ZUD;
				ENABLE_NS_ASSERTIONS = NO;
				ENABLE_STRICT_OBJC_MSGSEND = YES;
				ENABLE_USER_SCRIPT_SANDBOXING = YES;
				GCC_C_LANGUAGE_STANDARD = gnu11;
				GCC_NO_COMMON_BLOCKS = YES;
				GCC_WARN_64_TO_32_BIT_CONVERSION = YES;
				GCC_WARN_ABOUT_RETURN_TYPE = YES_ERROR;
				GCC_WARN_UNDECLARED_SELECTOR = YES;
				GCC_WARN_UNINITIALIZED_AUTOS = YES_AGGRESSIVE;
				GCC_WARN_UNUSED_FUNCTION = YES;
				GCC_WARN_UNUSED_VARIABLE = YES;
				MTL_ENABLE_DEBUG_INFO = NO;
				MTL_FAST_MATH = YES;
				STRING_CATALOG_GENERATE_SYMBOLS = YES;
				SWIFT_COMPILATION_MODE = wholemodule;
				SWIFT_OPTIMIZATION_LEVEL = "-O";
			};
			name = Release;
		};
		53B2CB7B2EFA4E1A009167B7 /* Debug */ = {
			isa = XCBuildConfiguration;
			buildSettings = {
				CODE_SIGN_STYLE = Automatic;
				CURRENT_PROJECT_VERSION = 1;
				DEVELOPMENT_TEAM = F5D5362ZUD;
				INFOPLIST_KEY_CFBundleDisplayName = SpellFlare;
				MARKETING_VERSION = 1.1;
				PRODUCT_BUNDLE_IDENTIFIER = "com.raves.spelling-bee";
				PRODUCT_NAME = "$(TARGET_NAME)";
				SDKROOT = iphoneos;
				SWIFT_VERSION = 5.0;
			};
			name = Debug;
		};
		53B2CB7C2EFA4E1A009167B7 /* Release */ = {
			isa = XCBuildConfiguration;
			buildSettings = {
				CODE_SIGN_STYLE = Automatic;
				CURRENT_PROJECT_VERSION = 1;
				DEVELOPMENT_TEAM = F5D5362ZUD;
				INFOPLIST_KEY_CFBundleDisplayName = SpellFlare;
				MARKETING_VERSION = 1.1;
				PRODUCT_BUNDLE_IDENTIFIER = "com.raves.spelling-bee";
				PRODUCT_NAME = "$(TARGET_NAME)";
				SDKROOT = iphoneos;
				SWIFT_VERSION = 5.0;
				VALIDATE_PRODUCT = YES;
			};
			name = Release;
		};
		53B2CC512EFA6041009167B7 /* Debug */ = {
			isa = XCBuildConfiguration;
			baseConfigurationReference = 31E61ADECD5FF68699C3AC49 /* Pods-spelling-bee iOS App.debug.xcconfig */;
			buildSettings = {
				ASSETCATALOG_COMPILER_APPICON_NAME = AppIcon;
				ASSETCATALOG_COMPILER_GLOBAL_ACCENT_COLOR_NAME = AccentColor;
				CODE_SIGN_STYLE = Automatic;
				CURRENT_PROJECT_VERSION = 1;
				DEVELOPMENT_TEAM = F5D5362ZUD;
				ENABLE_PREVIEWS = YES;
				ENABLE_USER_SCRIPT_SANDBOXING = NO;
				INFOPLIST_FILE = "spelling-bee iOS App/Info.plist";
				INFOPLIST_KEY_CFBundleDisplayName = SpellFlare;
				INFOPLIST_KEY_UIApplicationSceneManifest_Generation = YES;
				INFOPLIST_KEY_UIApplicationSupportsIndirectInputEvents = YES;
				INFOPLIST_KEY_UILaunchScreen_Generation = YES;
				INFOPLIST_KEY_UISupportedInterfaceOrientations = UIInterfaceOrientationPortrait;
				INFOPLIST_KEY_UISupportedInterfaceOrientations_iPad = "UIInterfaceOrientationLandscapeLeft UIInterfaceOrientationLandscapeRight UIInterfaceOrientationPortrait UIInterfaceOrientationPortraitUpsideDown";
				IPHONEOS_DEPLOYMENT_TARGET = 16.0;
				LD_RUNPATH_SEARCH_PATHS = (
					"$(inherited)",
					"@executable_path/Frameworks",
				);
				MARKETING_VERSION = 2.0;
				PRODUCT_BUNDLE_IDENTIFIER = "com.raves.spelling-bee-ios";
				PRODUCT_NAME = "$(TARGET_NAME)";
				SDKROOT = iphoneos;
				SWIFT_EMIT_LOC_STRINGS = YES;
				SWIFT_VERSION = 5.0;
				TARGETED_DEVICE_FAMILY = "1,2";
			};
			name = Debug;
		};
		53B2CC522EFA6042009167B7 /* Release */ = {
			isa = XCBuildConfiguration;
			baseConfigurationReference = 040941BA4CC6094C6D148752 /* Pods-spelling-bee iOS App.release.xcconfig */;
			buildSettings = {
				ASSETCATALOG_COMPILER_APPICON_NAME = AppIcon;
				ASSETCATALOG_COMPILER_GLOBAL_ACCENT_COLOR_NAME = AccentColor;
				CODE_SIGN_STYLE = Automatic;
				CURRENT_PROJECT_VERSION = 1;
				DEVELOPMENT_TEAM = F5D5362ZUD;
				ENABLE_PREVIEWS = YES;
				ENABLE_USER_SCRIPT_SANDBOXING = NO;
				INFOPLIST_FILE = "spelling-bee iOS App/Info.plist";
				INFOPLIST_KEY_CFBundleDisplayName = SpellFlare;
				INFOPLIST_KEY_UIApplicationSceneManifest_Generation = YES;
				INFOPLIST_KEY_UIApplicationSupportsIndirectInputEvents = YES;
				INFOPLIST_KEY_UILaunchScreen_Generation = YES;
				INFOPLIST_KEY_UISupportedInterfaceOrientations = UIInterfaceOrientationPortrait;
				INFOPLIST_KEY_UISupportedInterfaceOrientations_iPad = "UIInterfaceOrientationLandscapeLeft UIInterfaceOrientationLandscapeRight UIInterfaceOrientationPortrait UIInterfaceOrientationPortraitUpsideDown";
				IPHONEOS_DEPLOYMENT_TARGET = 16.0;
				LD_RUNPATH_SEARCH_PATHS = (
					"$(inherited)",
					"@executable_path/Frameworks",
				);
				MARKETING_VERSION = 2.0;
				PRODUCT_BUNDLE_IDENTIFIER = "com.raves.spelling-bee-ios";
				PRODUCT_NAME = "$(TARGET_NAME)";
				SDKROOT = iphoneos;
				SWIFT_EMIT_LOC_STRINGS = YES;
				SWIFT_VERSION = 5.0;
				TARGETED_DEVICE_FAMILY = "1,2";
				VALIDATE_PRODUCT = YES;
			};
			name = Release;
		};
		53B2CE0B2EFC000B009167B7 /* Debug */ = {
			isa = XCBuildConfiguration;
			buildSettings = {
				BUNDLE_LOADER = "$(TEST_HOST)";
				CODE_SIGN_STYLE = Automatic;
				CURRENT_PROJECT_VERSION = 1;
				DEVELOPMENT_TEAM = F5D5362ZUD;
				GENERATE_INFOPLIST_FILE = YES;
				IPHONEOS_DEPLOYMENT_TARGET = 16.0;
				MARKETING_VERSION = 1.1;
				PRODUCT_BUNDLE_IDENTIFIER = "com.raves.spelling-bee-iOS-AppTests";
				PRODUCT_NAME = "$(TARGET_NAME)";
				SDKROOT = iphoneos;
				SWIFT_EMIT_LOC_STRINGS = NO;
				SWIFT_VERSION = 5.0;
				TARGETED_DEVICE_FAMILY = "1,2";
				TEST_HOST = "$(BUILT_PRODUCTS_DIR)/spelling-bee iOS App.app/$(BUNDLE_EXECUTABLE_FOLDER_PATH)/spelling-bee iOS App";
			};
			name = Debug;
		};
		53B2CE0C2EFC000C009167B7 /* Release */ = {
			isa = XCBuildConfiguration;
			buildSettings = {
				BUNDLE_LOADER = "$(TEST_HOST)";
				CODE_SIGN_STYLE = Automatic;
				CURRENT_PROJECT_VERSION = 1;
				DEVELOPMENT_TEAM = F5D5362ZUD;
				GENERATE_INFOPLIST_FILE = YES;
				IPHONEOS_DEPLOYMENT_TARGET = 16.0;
				MARKETING_VERSION = 1.1;
				PRODUCT_BUNDLE_IDENTIFIER = "com.raves.spelling-bee-iOS-AppTests";
				PRODUCT_NAME = "$(TARGET_NAME)";
				SDKROOT = iphoneos;
				SWIFT_EMIT_LOC_STRINGS = NO;
				SWIFT_VERSION = 5.0;
				TARGETED_DEVICE_FAMILY = "1,2";
				TEST_HOST = "$(BUILT_PRODUCTS_DIR)/spelling-bee iOS App.app/$(BUNDLE_EXECUTABLE_FOLDER_PATH)/spelling-bee iOS App";
				VALIDATE_PRODUCT = YES;
			};
			name = Release;
		};
		53B2CE1D2EFC001D009167B7 /* Debug */ = {
			isa = XCBuildConfiguration;
			buildSettings = {
				CODE_SIGN_STYLE = Automatic;
				CURRENT_PROJECT_VERSION = 1;
				GENERATE_INFOPLIST_FILE = YES;
				IPHONEOS_DEPLOYMENT_TARGET = 16.0;
				MARKETING_VERSION = 1.1;
				PRODUCT_BUNDLE_IDENTIFIER = "com.raves.spelling-bee-iOS-AppUITests";
				PRODUCT_NAME = "$(TARGET_NAME)";
				SDKROOT = iphoneos;
				SWIFT_EMIT_LOC_STRINGS = NO;
				SWIFT_VERSION = 5.0;
				TARGETED_DEVICE_FAMILY = "1,2";
				TEST_TARGET_NAME = "spelling-bee iOS App";
			};
			name = Debug;
		};
		53B2CE1E2EFC001E009167B7 /* Release */ = {
			isa = XCBuildConfiguration;
			buildSettings = {
				CODE_SIGN_STYLE = Automatic;
				CURRENT_PROJECT_VERSION = 1;
				GENERATE_INFOPLIST_FILE = YES;
				IPHONEOS_DEPLOYMENT_TARGET = 16.0;
				MARKETING_VERSION = 1.1;
				PRODUCT_BUNDLE_IDENTIFIER = "com.raves.spelling-bee-iOS-AppUITests";
				PRODUCT_NAME = "$(TARGET_NAME)";
				SDKROOT = iphoneos;
				SWIFT_EMIT_LOC_STRINGS = NO;
				SWIFT_VERSION = 5.0;
				TARGETED_DEVICE_FAMILY = "1,2";
				TEST_TARGET_NAME = "spelling-bee iOS App";
				VALIDATE_PRODUCT = YES;
			};
			name = Release;
		};
		91C57260D3D3496757EE7AB9 /* Debug */ = {
			isa = XCBuildConfiguration;
			buildSettings = {
				ARCHS = arm64;
				ASSETCATALOG_COMPILER_APPICON_NAME = AppIcon;
				ASSETCATALOG_COMPILER_GLOBAL_ACCENT_COLOR_NAME = AccentColor;
				CODE_SIGN_ENTITLEMENTS = "SpellFlare Watch App/SpellFlare-Watch.entitlements";
				CODE_SIGN_STYLE = Automatic;
				CURRENT_PROJECT_VERSION = 1;
				DEVELOPMENT_TEAM = F5D5362ZUD;
				ENABLE_PREVIEWS = YES;
				GENERATE_INFOPLIST_FILE = NO;
				INFOPLIST_FILE = "SpellFlare Watch App/Info.plist";
				INFOPLIST_KEY_CFBundleDisplayName = SpellFlare;
				INFOPLIST_KEY_WKCompanionAppBundleIdentifier = "com.raves.spelling-bee-ios";
				INFOPLIST_KEY_WKRunsIndependentlyOfCompanionApp = YES;
				LD_RUNPATH_SEARCH_PATHS = (
					"$(inherited)",
					"@executable_path/Frameworks",
				);
				MARKETING_VERSION = 2.0;
				ONLY_ACTIVE_ARCH = YES;
				PRODUCT_BUNDLE_IDENTIFIER = "com.raves.spelling-bee-ios.watchkitapp";
				PRODUCT_NAME = "$(TARGET_NAME)";
				SDKROOT = watchos;
				SWIFT_EMIT_LOC_STRINGS = YES;
				SWIFT_VERSION = 5.0;
				TARGETED_DEVICE_FAMILY = 4;
				WATCHOS_DEPLOYMENT_TARGET = 9.1;
			};
			name = Debug;
		};
		CCA6D1B03395C0FEE3C4632D /* Release */ = {
			isa = XCBuildConfiguration;
			buildSettings = {
				ARCHS = arm64;
				ASSETCATALOG_COMPILER_APPICON_NAME = AppIcon;
				ASSETCATALOG_COMPILER_GLOBAL_ACCENT_COLOR_NAME = AccentColor;
				CODE_SIGN_ENTITLEMENTS = "SpellFlare Watch App/SpellFlare-Watch.entitlements";
				CODE_SIGN_STYLE = Automatic;
				CURRENT_PROJECT_VERSION = 1;
				DEVELOPMENT_TEAM = F5D5362ZUD;
				ENABLE_PREVIEWS = YES;
				GENERATE_INFOPLIST_FILE = NO;
				INFOPLIST_FILE = "SpellFlare Watch App/Info.plist";
				INFOPLIST_KEY_CFBundleDisplayName = SpellFlare;
				INFOPLIST_KEY_WKCompanionAppBundleIdentifier = "com.raves.spelling-bee-ios";
				INFOPLIST_KEY_WKRunsIndependentlyOfCompanionApp = YES;
				LD_RUNPATH_SEARCH_PATHS = (
					"$(inherited)",
					"@executable_path/Frameworks",
				);
				MARKETING_VERSION = 2.0;
				PRODUCT_BUNDLE_IDENTIFIER = "com.raves.spelling-bee-ios.watchkitapp";
				PRODUCT_NAME = "$(TARGET_NAME)";
				SDKROOT = watchos;
				SWIFT_EMIT_LOC_STRINGS = YES;
				SWIFT_VERSION = 5.0;
				TARGETED_DEVICE_FAMILY = 4;
				VALIDATE_PRODUCT = YES;
				WATCHOS_DEPLOYMENT_TARGET = 9.1;
			};
			name = Release;
		};
/* End XCBuildConfiguration section */

/* Begin XCConfigurationList section */
		53B2CB472EFA4E16009167B7 /* Build configuration list for PBXProject "spelling-bee" */ = {
			isa = XCConfigurationList;
			buildConfigurations = (
				53B2CB742EFA4E1A009167B7 /* Debug */,
				53B2CB752EFA4E1A009167B7 /* Release */,
			);
			defaultConfigurationIsVisible = 0;
			defaultConfigurationName = Release;
		};
		53B2CB7A2EFA4E1A009167B7 /* Build configuration list for PBXNativeTarget "spelling-bee" */ = {
			isa = XCConfigurationList;
			buildConfigurations = (
				53B2CB7B2EFA4E1A009167B7 /* Debug */,
				53B2CB7C2EFA4E1A009167B7 /* Release */,
			);
			defaultConfigurationIsVisible = 0;
			defaultConfigurationName = Release;
		};
		53B2CC502EFA6040009167B7 /* Build configuration list for PBXNativeTarget "spelling-bee iOS App" */ = {
			isa = XCConfigurationList;
			buildConfigurations = (
				53B2CC512EFA6041009167B7 /* Debug */,
				53B2CC522EFA6042009167B7 /* Release */,
			);
			defaultConfigurationIsVisible = 0;
			defaultConfigurationName = Release;
		};
		53B2CE0A2EFC000A009167B7 /* Build configuration list for PBXNativeTarget "spelling-bee iOS AppTests" */ = {
			isa = XCConfigurationList;
			buildConfigurations = (
				53B2CE0B2EFC000B009167B7 /* Debug */,
				53B2CE0C2EFC000C009167B7 /* Release */,
			);
			defaultConfigurationIsVisible = 0;
			defaultConfigurationName = Release;
		};
		53B2CE1C2EFC001C009167B7 /* Build configuration list for PBXNativeTarget "spelling-bee iOS AppUITests" */ = {
			isa = XCConfigurationList;
			buildConfigurations = (
				53B2CE1D2EFC001D009167B7 /* Debug */,
				53B2CE1E2EFC001E009167B7 /* Release */,
			);
			defaultConfigurationIsVisible = 0;
			defaultConfigurationName = Release;
		};
		CF373C1C659700430F93F3D7 /* Build configuration list for PBXNativeTarget "SpellFlare Watch App" */ = {
			isa = XCConfigurationList;
			buildConfigurations = (
				CCA6D1B03395C0FEE3C4632D /* Release */,
				91C57260D3D3496757EE7AB9 /* Debug */,
			);
			defaultConfigurationIsVisible = 0;
			defaultConfigurationName = Release;
		};
/* End XCConfigurationList section */
	};
	rootObject = 53B2CB442EFA4E16009167B7 /* Project object */;
}
